// !$*UTF8*$!
{
	archiveVersion = 1;
	classes = {
	};
	objectVersion = 50;
	objects = {

/* Begin PBXBuildFile section */
		D02C17B621BAD74D00232919 /* AppDelegate.swift in Sources */ = {isa = PBXBuildFile; fileRef = D02C17B521BAD74D00232919 /* AppDelegate.swift */; };
		D02C17B821BAD74D00232919 /* WelcomeVC.swift in Sources */ = {isa = PBXBuildFile; fileRef = D02C17B721BAD74D00232919 /* WelcomeVC.swift */; };
		D02C17BB21BAD74D00232919 /* Main.storyboard in Resources */ = {isa = PBXBuildFile; fileRef = D02C17B921BAD74D00232919 /* Main.storyboard */; };
		D02C17BD21BAD74F00232919 /* Assets.xcassets in Resources */ = {isa = PBXBuildFile; fileRef = D02C17BC21BAD74F00232919 /* Assets.xcassets */; };
		D02C17C021BAD74F00232919 /* LaunchScreen.storyboard in Resources */ = {isa = PBXBuildFile; fileRef = D02C17BE21BAD74F00232919 /* LaunchScreen.storyboard */; };
		D02C17C921BADB3800232919 /* BorderButton.swift in Sources */ = {isa = PBXBuildFile; fileRef = D02C17C821BADB3800232919 /* BorderButton.swift */; };
		D0E1B88F21E5514C004CB2A5 /* LeagueVC.swift in Sources */ = {isa = PBXBuildFile; fileRef = D0E1B88E21E5514C004CB2A5 /* LeagueVC.swift */; };
		D0E1B89121E5515B004CB2A5 /* SkillVC.swift in Sources */ = {isa = PBXBuildFile; fileRef = D0E1B89021E5515B004CB2A5 /* SkillVC.swift */; };
/* End PBXBuildFile section */

/* Begin PBXFileReference section */
		D02C17B221BAD74D00232919 /* app-swoosh.app */ = {isa = PBXFileReference; explicitFileType = wrapper.application; includeInIndex = 0; path = "app-swoosh.app"; sourceTree = BUILT_PRODUCTS_DIR; };
		D02C17B521BAD74D00232919 /* AppDelegate.swift */ = {isa = PBXFileReference; lastKnownFileType = sourcecode.swift; path = AppDelegate.swift; sourceTree = "<group>"; };
		D02C17B721BAD74D00232919 /* WelcomeVC.swift */ = {isa = PBXFileReference; lastKnownFileType = sourcecode.swift; path = WelcomeVC.swift; sourceTree = "<group>"; };
		D02C17BA21BAD74D00232919 /* Base */ = {isa = PBXFileReference; lastKnownFileType = file.storyboard; name = Base; path = Base.lproj/Main.storyboard; sourceTree = "<group>"; };
		D02C17BC21BAD74F00232919 /* Assets.xcassets */ = {isa = PBXFileReference; lastKnownFileType = folder.assetcatalog; path = Assets.xcassets; sourceTree = "<group>"; };
		D02C17BF21BAD74F00232919 /* Base */ = {isa = PBXFileReference; lastKnownFileType = file.storyboard; name = Base; path = Base.lproj/LaunchScreen.storyboard; sourceTree = "<group>"; };
		D02C17C121BAD74F00232919 /* Info.plist */ = {isa = PBXFileReference; lastKnownFileType = text.plist.xml; path = Info.plist; sourceTree = "<group>"; };
		D02C17C821BADB3800232919 /* BorderButton.swift */ = {isa = PBXFileReference; lastKnownFileType = sourcecode.swift; path = BorderButton.swift; sourceTree = "<group>"; };
		D0E1B88E21E5514C004CB2A5 /* LeagueVC.swift */ = {isa = PBXFileReference; lastKnownFileType = sourcecode.swift; path = LeagueVC.swift; sourceTree = "<group>"; };
		D0E1B89021E5515B004CB2A5 /* SkillVC.swift */ = {isa = PBXFileReference; lastKnownFileType = sourcecode.swift; path = SkillVC.swift; sourceTree = "<group>"; };
/* End PBXFileReference section */

/* Begin PBXFrameworksBuildPhase section */
		D02C17AF21BAD74D00232919 /* Frameworks */ = {
			isa = PBXFrameworksBuildPhase;
			buildActionMask = 2147483647;
			files = (
			);
			runOnlyForDeploymentPostprocessing = 0;
		};
/* End PBXFrameworksBuildPhase section */

/* Begin PBXGroup section */
		D02C17A921BAD74D00232919 = {
			isa = PBXGroup;
			children = (
				D02C17B421BAD74D00232919 /* app-swoosh */,
				D02C17B321BAD74D00232919 /* Products */,
			);
			sourceTree = "<group>";
		};
		D02C17B321BAD74D00232919 /* Products */ = {
			isa = PBXGroup;
			children = (
				D02C17B221BAD74D00232919 /* app-swoosh.app */,
			);
			name = Products;
			sourceTree = "<group>";
		};
		D02C17B421BAD74D00232919 /* app-swoosh */ = {
			isa = PBXGroup;
			children = (
				D0E1B88D21E550AA004CB2A5 /* Controller */,
				D0E1B88C21E550A1004CB2A5 /* Model */,
				D02C17C721BADB0F00232919 /* View */,
				D02C17B521BAD74D00232919 /* AppDelegate.swift */,
				D02C17B921BAD74D00232919 /* Main.storyboard */,
				D02C17BC21BAD74F00232919 /* Assets.xcassets */,
				D02C17BE21BAD74F00232919 /* LaunchScreen.storyboard */,
				D02C17C121BAD74F00232919 /* Info.plist */,
			);
			path = "app-swoosh";
			sourceTree = "<group>";
		};
		D02C17C721BADB0F00232919 /* View */ = {
			isa = PBXGroup;
			children = (
				D02C17C821BADB3800232919 /* BorderButton.swift */,
			);
			path = View;
			sourceTree = "<group>";
		};
		D0E1B88C21E550A1004CB2A5 /* Model */ = {
			isa = PBXGroup;
			children = (
			);
			path = Model;
			sourceTree = "<group>";
		};
		D0E1B88D21E550AA004CB2A5 /* Controller */ = {
			isa = PBXGroup;
			children = (
				D02C17B721BAD74D00232919 /* WelcomeVC.swift */,
				D0E1B88E21E5514C004CB2A5 /* LeagueVC.swift */,
				D0E1B89021E5515B004CB2A5 /* SkillVC.swift */,
			);
			path = Controller;
			sourceTree = "<group>";
		};
/* End PBXGroup section */

/* Begin PBXNativeTarget section */
		D02C17B121BAD74D00232919 /* app-swoosh */ = {
			isa = PBXNativeTarget;
			buildConfigurationList = D02C17C421BAD74F00232919 /* Build configuration list for PBXNativeTarget "app-swoosh" */;
			buildPhases = (
				D02C17AE21BAD74D00232919 /* Sources */,
				D02C17AF21BAD74D00232919 /* Frameworks */,
				D02C17B021BAD74D00232919 /* Resources */,
			);
			buildRules = (
			);
			dependencies = (
			);
			name = "app-swoosh";
			productName = "app-swoosh";
			productReference = D02C17B221BAD74D00232919 /* app-swoosh.app */;
			productType = "com.apple.product-type.application";
		};
/* End PBXNativeTarget section */

/* Begin PBXProject section */
		D02C17AA21BAD74D00232919 /* Project object */ = {
			isa = PBXProject;
			attributes = {
				LastSwiftUpdateCheck = 1010;
				LastUpgradeCheck = 1010;
				ORGANIZATIONNAME = "Zachary Frederick";
				TargetAttributes = {
					D02C17B121BAD74D00232919 = {
						CreatedOnToolsVersion = 10.1;
					};
				};
			};
			buildConfigurationList = D02C17AD21BAD74D00232919 /* Build configuration list for PBXProject "app-swoosh" */;
			compatibilityVersion = "Xcode 9.3";
			developmentRegion = en;
			hasScannedForEncodings = 0;
			knownRegions = (
				en,
				Base,
			);
			mainGroup = D02C17A921BAD74D00232919;
			productRefGroup = D02C17B321BAD74D00232919 /* Products */;
			projectDirPath = "";
			projectRoot = "";
			targets = (
				D02C17B121BAD74D00232919 /* app-swoosh */,
			);
		};
/* End PBXProject section */

/* Begin PBXResourcesBuildPhase section */
		D02C17B021BAD74D00232919 /* Resources */ = {
			isa = PBXResourcesBuildPhase;
			buildActionMask = 2147483647;
			files = (
				D02C17C021BAD74F00232919 /* LaunchScreen.storyboard in Resources */,
				D02C17BD21BAD74F00232919 /* Assets.xcassets in Resources */,
				D02C17BB21BAD74D00232919 /* Main.storyboard in Resources */,
			);
			runOnlyForDeploymentPostprocessing = 0;
		};
/* End PBXResourcesBuildPhase section */

/* Begin PBXSourcesBuildPhase section */
		D02C17AE21BAD74D00232919 /* Sources */ = {
			isa = PBXSourcesBuildPhase;
			buildActionMask = 2147483647;
			files = (
				D02C17B821BAD74D00232919 /* WelcomeVC.swift in Sources */,
				D0E1B88F21E5514C004CB2A5 /* LeagueVC.swift in Sources */,
				D02C17B621BAD74D00232919 /* AppDelegate.swift in Sources */,
				D0E1B89121E5515B004CB2A5 /* SkillVC.swift in Sources */,
				D02C17C921BADB3800232919 /* BorderButton.swift in Sources */,
			);
			runOnlyForDeploymentPostprocessing = 0;
		};
/* End PBXSourcesBuildPhase section */

/* Begin PBXVariantGroup section */
		D02C17B921BAD74D00232919 /* Main.storyboard */ = {
			isa = PBXVariantGroup;
			children = (
				D02C17BA21BAD74D00232919 /* Base */,
			);
			name = Main.storyboard;
			sourceTree = "<group>";
		};
		D02C17BE21BAD74F00232919 /* LaunchScreen.storyboard */ = {
			isa = PBXVariantGroup;
			children = (
				D02C17BF21BAD74F00232919 /* Base */,
			);
			name = LaunchScreen.storyboard;
			sourceTree = "<group>";
		};
/* End PBXVariantGroup section */

/* Begin XCBuildConfiguration section */
		D02C17C221BAD74F00232919 /* Debug */ = {
			isa = XCBuildConfiguration;
			buildSettings = {
				ALWAYS_SEARCH_USER_PATHS = NO;
				CLANG_ANALYZER_NONNULL = YES;
				CLANG_ANALYZER_NUMBER_OBJECT_CONVERSION = YES_AGGRESSIVE;
				CLANG_CXX_LANGUAGE_STANDARD = "gnu++14";
				CLANG_CXX_LIBRARY = "libc++";
				CLANG_ENABLE_MODULES = YES;
				CLANG_ENABLE_OBJC_ARC = YES;
				CLANG_ENABLE_OBJC_WEAK = YES;
				CLANG_WARN_BLOCK_CAPTURE_AUTORELEASING = YES;
				CLANG_WARN_BOOL_CONVERSION = YES;
				CLANG_WARN_COMMA = YES;
				CLANG_WARN_CONSTANT_CONVERSION = YES;
				CLANG_WARN_DEPRECATED_OBJC_IMPLEMENTATIONS = YES;
				CLANG_WARN_DIRECT_OBJC_ISA_USAGE = YES_ERROR;
				CLANG_WARN_DOCUMENTATION_COMMENTS = YES;
				CLANG_WARN_EMPTY_BODY = YES;
				CLANG_WARN_ENUM_CONVERSION = YES;
				CLANG_WARN_INFINITE_RECURSION = YES;
				CLANG_WARN_INT_CONVERSION = YES;
				CLANG_WARN_NON_LITERAL_NULL_CONVERSION = YES;
				CLANG_WARN_OBJC_IMPLICIT_RETAIN_SELF = YES;
				CLANG_WARN_OBJC_LITERAL_CONVERSION = YES;
				CLANG_WARN_OBJC_ROOT_CLASS = YES_ERROR;
				CLANG_WARN_RANGE_LOOP_ANALYSIS = YES;
				CLANG_WARN_STRICT_PROTOTYPES = YES;
				CLANG_WARN_SUSPICIOUS_MOVE = YES;
				CLANG_WARN_UNGUARDED_AVAILABILITY = YES_AGGRESSIVE;
				CLANG_WARN_UNREACHABLE_CODE = YES;
				CLANG_WARN__DUPLICATE_METHOD_MATCH = YES;
				CODE_SIGN_IDENTITY = "iPhone Developer";
				COPY_PHASE_STRIP = NO;
				DEBUG_INFORMATION_FORMAT = dwarf;
				ENABLE_STRICT_OBJC_MSGSEND = YES;
				ENABLE_TESTABILITY = YES;
				GCC_C_LANGUAGE_STANDARD = gnu11;
				GCC_DYNAMIC_NO_PIC = NO;
				GCC_NO_COMMON_BLOCKS = YES;
				GCC_OPTIMIZATION_LEVEL = 0;
				GCC_PREPROCESSOR_DEFINITIONS = (
					"DEBUG=1",
					"$(inherited)",
				);
				GCC_WARN_64_TO_32_BIT_CONVERSION = YES;
				GCC_WARN_ABOUT_RETURN_TYPE = YES_ERROR;
				GCC_WARN_UNDECLARED_SELECTOR = YES;
				GCC_WARN_UNINITIALIZED_AUTOS = YES_AGGRESSIVE;
				GCC_WARN_UNUSED_FUNCTION = YES;
				GCC_WARN_UNUSED_VARIABLE = YES;
				IPHONEOS_DEPLOYMENT_TARGET = 12.1;
				MTL_ENABLE_DEBUG_INFO = INCLUDE_SOURCE;
				MTL_FAST_MATH = YES;
				ONLY_ACTIVE_ARCH = YES;
				SDKROOT = iphoneos;
				SWIFT_ACTIVE_COMPILATION_CONDITIONS = DEBUG;
				SWIFT_OPTIMIZATION_LEVEL = "-Onone";
			};
			name = Debug;
		};
		D02C17C321BAD74F00232919 /* Release */ = {
			isa = XCBuildConfiguration;
			buildSettings = {
				ALWAYS_SEARCH_USER_PATHS = NO;
				CLANG_ANALYZER_NONNULL = YES;
				CLANG_ANALYZER_NUMBER_OBJECT_CONVERSION = YES_AGGRESSIVE;
				CLANG_CXX_LANGUAGE_STANDARD = "gnu++14";
				CLANG_CXX_LIBRARY = "libc++";
				CLANG_ENABLE_MODULES = YES;
				CLANG_ENABLE_OBJC_ARC = YES;
				CLANG_ENABLE_OBJC_WEAK = YES;
				CLANG_WARN_BLOCK_CAPTURE_AUTORELEASING = YES;
				CLANG_WARN_BOOL_CONVERSION = YES;
				CLANG_WARN_COMMA = YES;
				CLANG_WARN_CONSTANT_CONVERSION = YES;
				CLANG_WARN_DEPRECATED_OBJC_IMPLEMENTATIONS = YES;
				CLANG_WARN_DIRECT_OBJC_ISA_USAGE = YES_ERROR;
				CLANG_WARN_DOCUMENTATION_COMMENTS = YES;
				CLANG_WARN_EMPTY_BODY = YES;
				CLANG_WARN_ENUM_CONVERSION = YES;
				CLANG_WARN_INFINITE_RECURSION = YES;
				CLANG_WARN_INT_CONVERSION = YES;
				CLANG_WARN_NON_LITERAL_NULL_CONVERSION = YES;
				CLANG_WARN_OBJC_IMPLICIT_RETAIN_SELF = YES;
				CLANG_WARN_OBJC_LITERAL_CONVERSION = YES;
				CLANG_WARN_OBJC_ROOT_CLASS = YES_ERROR;
				CLANG_WARN_RANGE_LOOP_ANALYSIS = YES;
				CLANG_WARN_STRICT_PROTOTYPES = YES;
				CLANG_WARN_SUSPICIOUS_MOVE = YES;
				CLANG_WARN_UNGUARDED_AVAILABILITY = YES_AGGRESSIVE;
				CLANG_WARN_UNREACHABLE_CODE = YES;
				CLANG_WARN__DUPLICATE_METHOD_MATCH = YES;
				CODE_SIGN_IDENTITY = "iPhone Developer";
				COPY_PHASE_STRIP = NO;
				DEBUG_INFORMATION_FORMAT = "dwarf-with-dsym";
				ENABLE_NS_ASSERTIONS = NO;
				ENABLE_STRICT_OBJC_MSGSEND = YES;
				GCC_C_LANGUAGE_STANDARD = gnu11;
				GCC_NO_COMMON_BLOCKS = YES;
				GCC_WARN_64_TO_32_BIT_CONVERSION = YES;
				GCC_WARN_ABOUT_RETURN_TYPE = YES_ERROR;
				GCC_WARN_UNDECLARED_SELECTOR = YES;
				GCC_WARN_UNINITIALIZED_AUTOS = YES_AGGRESSIVE;
				GCC_WARN_UNUSED_FUNCTION = YES;
				GCC_WARN_UNUSED_VARIABLE = YES;
				IPHONEOS_DEPLOYMENT_TARGET = 12.1;
				MTL_ENABLE_DEBUG_INFO = NO;
				MTL_FAST_MATH = YES;
				SDKROOT = iphoneos;
				SWIFT_COMPILATION_MODE = wholemodule;
				SWIFT_OPTIMIZATION_LEVEL = "-O";
				VALIDATE_PRODUCT = YES;
			};
			name = Release;
		};
		D02C17C521BAD74F00232919 /* Debug */ = {
			isa = XCBuildConfiguration;
			buildSettings = {
				ASSETCATALOG_COMPILER_APPICON_NAME = AppIcon;
				CODE_SIGN_STYLE = Automatic;
				INFOPLIST_FILE = "app-swoosh/Info.plist";
				LD_RUNPATH_SEARCH_PATHS = (
					"$(inherited)",
					"@executable_path/Frameworks",
				);
				PRODUCT_BUNDLE_IDENTIFIER = "com.Zach.app-swoosh";
				PRODUCT_NAME = "$(TARGET_NAME)";
				SWIFT_VERSION = 4.2;
				TARGETED_DEVICE_FAMILY = "1,2";
			};
			name = Debug;
		};
		D02C17C621BAD74F00232919 /* Release */ = {
			isa = XCBuildConfiguration;
			buildSettings = {
				ASSETCATALOG_COMPILER_APPICON_NAME = AppIcon;
				CODE_SIGN_STYLE = Automatic;
				INFOPLIST_FILE = "app-swoosh/Info.plist";
				LD_RUNPATH_SEARCH_PATHS = (
					"$(inherited)",
					"@executable_path/Frameworks",
				);
				PRODUCT_BUNDLE_IDENTIFIER = "com.Zach.app-swoosh";
				PRODUCT_NAME = "$(TARGET_NAME)";
				SWIFT_VERSION = 4.2;
				TARGETED_DEVICE_FAMILY = "1,2";
			};
			name = Release;
		};
/* End XCBuildConfiguration section */

/* Begin XCConfigurationList section */
		D02C17AD21BAD74D00232919 /* Build configuration list for PBXProject "app-swoosh" */ = {
			isa = XCConfigurationList;
			buildConfigurations = (
				D02C17C221BAD74F00232919 /* Debug */,
				D02C17C321BAD74F00232919 /* Release */,
			);
			defaultConfigurationIsVisible = 0;
			defaultConfigurationName = Release;
		};
		D02C17C421BAD74F00232919 /* Build configuration list for PBXNativeTarget "app-swoosh" */ = {
			isa = XCConfigurationList;
			buildConfigurations = (
				D02C17C521BAD74F00232919 /* Debug */,
				D02C17C621BAD74F00232919 /* Release */,
			);
			defaultConfigurationIsVisible = 0;
			defaultConfigurationName = Release;
		};
/* End XCConfigurationList section */
	};
	rootObject = D02C17AA21BAD74D00232919 /* Project object */;
}
